
Microsoft Visual Studio Solution File, Format Version 12.00
# Visual Studio 15
VisualStudioVersion = 15.0.26730.16
MinimumVisualStudioVersion = 15.0.26124.0
Project("{2150E333-8FDC-42A3-9474-1A3956D46DE8}") = "Tests", "Tests", "{DFA68FD4-DD6D-4EA7-B849-5CE26F7B29B7}"
EndProject
Project("{FAE04EC0-301F-11D3-BF4B-00C04F79EFBC}") = "DigiRazor.PasswordValidation.UnitTests", "DigiRazor.PasswordValidation.UnitTests\DigiRazor.PasswordValidation.UnitTests.csproj", "{FDD2E544-D3BE-4E0A-B32B-81A3B323C8CF}"
EndProject
Project("{2150E333-8FDC-42A3-9474-1A3956D46DE8}") = ".nuget", ".nuget", "{E129500E-653D-47C8-9BC6-A1E537014F3D}"
	ProjectSection(SolutionItems) = preProject
		.nuget\NuGet.Config = .nuget\NuGet.Config
		.nuget\NuGet.exe = .nuget\NuGet.exe
		.nuget\NuGet.targets = .nuget\NuGet.targets
	EndProjectSection
EndProject
Project("{2150E333-8FDC-42A3-9474-1A3956D46DE8}") = "Solution Items", "Solution Items", "{40D87A77-46F8-4CA6-AC6F-9EB8CDCB8AB0}"
	ProjectSection(SolutionItems) = preProject
		appveyor.yml = appveyor.yml
		README.md = README.md
	EndProjectSection
EndProject
Project("{9A19103F-16F7-4668-BE54-9A1E7A4F7556}") = "DigiRazor.PasswordValidation", "DigiRazor.PasswordService\DigiRazor.PasswordValidation.csproj", "{495A8432-12B9-4F6B-9012-7EE51F17B3E1}"
EndProject
Global
	GlobalSection(SolutionConfigurationPlatforms) = preSolution
		Debug|Any CPU = Debug|Any CPU
		Release|Any CPU = Release|Any CPU
	EndGlobalSection
	GlobalSection(ProjectConfigurationPlatforms) = postSolution
		{FDD2E544-D3BE-4E0A-B32B-81A3B323C8CF}.Debug|Any CPU.ActiveCfg = Debug|Any CPU
		{FDD2E544-D3BE-4E0A-B32B-81A3B323C8CF}.Debug|Any CPU.Build.0 = Debug|Any CPU
		{FDD2E544-D3BE-4E0A-B32B-81A3B323C8CF}.Release|Any CPU.ActiveCfg = Release|Any CPU
		{FDD2E544-D3BE-4E0A-B32B-81A3B323C8CF}.Release|Any CPU.Build.0 = Release|Any CPU
		{495A8432-12B9-4F6B-9012-7EE51F17B3E1}.Debug|Any CPU.ActiveCfg = Debug|Any CPU
		{495A8432-12B9-4F6B-9012-7EE51F17B3E1}.Debug|Any CPU.Build.0 = Debug|Any CPU
		{495A8432-12B9-4F6B-9012-7EE51F17B3E1}.Release|Any CPU.ActiveCfg = Release|Any CPU
		{495A8432-12B9-4F6B-9012-7EE51F17B3E1}.Release|Any CPU.Build.0 = Release|Any CPU
	EndGlobalSection
	GlobalSection(SolutionProperties) = preSolution
		HideSolutionNode = FALSE
	EndGlobalSection
	GlobalSection(NestedProjects) = preSolution
		{FDD2E544-D3BE-4E0A-B32B-81A3B323C8CF} = {DFA68FD4-DD6D-4EA7-B849-5CE26F7B29B7}
	EndGlobalSection
	GlobalSection(ExtensibilityGlobals) = postSolution
		SolutionGuid = {C45119C3-6184-494B-BF22-7C31150F40DC}
	EndGlobalSection
EndGlobal
